# This file is automatically @generated by Poetry 1.6.1 and should not be changed by hand.

[[package]]
name = "logging"
version = "0.4.9.6"
description = "A logging module for Python"
optional = false
python-versions = "*"
files = [
    {file = "logging-0.4.9.6.tar.gz", hash = "sha256:26f6b50773f085042d301085bd1bf5d9f3735704db9f37c1ce6d8b85c38f2417"},
]

[[package]]
name = "schedule"
version = "1.2.1"
description = "Job scheduling for humans."
optional = false
python-versions = ">=3.7"
files = [
    {file = "schedule-1.2.1-py2.py3-none-any.whl", hash = "sha256:14cdeb083a596aa1de6dc77639a1b2ac8bf6eaafa82b1c9279d3612823063d01"},
    {file = "schedule-1.2.1.tar.gz", hash = "sha256:843bc0538b99c93f02b8b50e3e39886c06f2d003b24f48e1aa4cadfa3f341279"},
]

[[package]]
name = "smbus2"
version = "0.4.3"
description = "smbus2 is a drop-in replacement for smbus-cffi/smbus-python in pure Python"
optional = false
python-versions = "*"
files = [
    {file = "smbus2-0.4.3-py2.py3-none-any.whl", hash = "sha256:a2fc29cfda4081ead2ed61ef2c4fc041d71dd40a8d917e85216f44786fca2d1d"},
    {file = "smbus2-0.4.3.tar.gz", hash = "sha256:36f2288a8e1a363cb7a7b2244ec98d880eb5a728a2494ac9c71e9de7bf6a803a"},
]

[package.extras]
docs = ["sphinx (>=1.5.3)"]
qa = ["flake8"]
test = ["mock", "nose"]

[[package]]
name = "wiringpi"
version = "2.60.1"
description = "A python interface to WiringPi 2.0 library which allows for easily interfacing with the GPIO pins of the Raspberry Pi. Also supports i2c and SPI."
optional = false
python-versions = "*"
files = [
    {file = "wiringpi-2.60.1-cp35-cp35m-linux_armv7l.whl", hash = "sha256:267120d890fd67ef3e630e52e8b671f9bc1a52ef227fcb5fff44cfe124ec4a4e"},
    {file = "wiringpi-2.60.1-cp36-cp36m-linux_armv7l.whl", hash = "sha256:daf0570b5928f8824c366afedfacd78f2948577b527b43c5e525265dd5e7ad60"},
    {file = "wiringpi-2.60.1-cp37-cp37m-linux_armv7l.whl", hash = "sha256:7a54e5a879b828eb113228b835a5dbf13695aae06c206ec11940641346fabc24"},
    {file = "wiringpi-2.60.1.tar.gz", hash = "sha256:b0c65d5d7c65d0bbef25c56d90237ca4098b1edabc528fb48dc6b61d62cd4b7d"},
]

[metadata]
lock-version = "2.0"
python-versions = "^3.10"
content-hash = "3fda255f8a2a7265eacb42cdfa2518688bfd9283251b0707c29621f890feb982"
